
Microsoft Visual Studio Solution File, Format Version 12.00
# Visual Studio Version 17
VisualStudioVersion = 17.13.35806.99
MinimumVisualStudioVersion = 10.0.40219.1
Project("{FAE04EC0-301F-11D3-BF4B-00C04F79EFBC}") = "01. Pipes In Pool", "01. Pipes In Pool\01. Pipes In Pool.csproj", "{07BA8F03-98DA-4EC0-9A9F-74C7728B9685}"
EndProject
Project("{FAE04EC0-301F-11D3-BF4B-00C04F79EFBC}") = "02. Sleepy Tom Cat", "02. Sleepy Tom Cat\02. Sleepy Tom Cat.csproj", "{40609F62-B4C0-43E6-9944-15E60423D432}"
EndProject
Project("{FAE04EC0-301F-11D3-BF4B-00C04F79EFBC}") = "03. Harvest", "03. Harvest\03. Harvest.csproj", "{8A48048E-5B67-49AF-9929-49A0B2A925C0}"
EndProject
Project("{FAE04EC0-301F-11D3-BF4B-00C04F79EFBC}") = "04. Transport Price", "04. Transport Price\04. Transport Price.csproj", "{AD1DE9D0-EE49-412E-BFE9-5F0FA107A6E4}"
EndProject
Project("{FAE04EC0-301F-11D3-BF4B-00C04F79EFBC}") = "05. Pets", "05. Pets\05. Pets.csproj", "{95C7845D-0D35-41D4-8F2F-8182D931F30B}"
EndProject
Project("{FAE04EC0-301F-11D3-BF4B-00C04F79EFBC}") = "06. Flower Shop", "06. Flower Shop\06. Flower Shop.csproj", "{84EFB4B7-AAAC-4468-BF96-8E41BC8E62DA}"
EndProject
Project("{FAE04EC0-301F-11D3-BF4B-00C04F79EFBC}") = "07. Fuel Tank", "07. Fuel Tank\07. Fuel Tank.csproj", "{3ADD253B-1896-4ADD-93C9-D38F860C0652}"
EndProject
Project("{FAE04EC0-301F-11D3-BF4B-00C04F79EFBC}") = "08. Fuel Tank - Part 2", "08. Fuel Tank - Part 2\08. Fuel Tank - Part 2.csproj", "{D9A7B1F6-7FCC-4D90-AAA4-A37EF1499CBA}"
EndProject
Global
	GlobalSection(SolutionConfigurationPlatforms) = preSolution
		Debug|Any CPU = Debug|Any CPU
		Release|Any CPU = Release|Any CPU
	EndGlobalSection
	GlobalSection(ProjectConfigurationPlatforms) = postSolution
		{07BA8F03-98DA-4EC0-9A9F-74C7728B9685}.Debug|Any CPU.ActiveCfg = Debug|Any CPU
		{07BA8F03-98DA-4EC0-9A9F-74C7728B9685}.Debug|Any CPU.Build.0 = Debug|Any CPU
		{07BA8F03-98DA-4EC0-9A9F-74C7728B9685}.Release|Any CPU.ActiveCfg = Release|Any CPU
		{07BA8F03-98DA-4EC0-9A9F-74C7728B9685}.Release|Any CPU.Build.0 = Release|Any CPU
		{40609F62-B4C0-43E6-9944-15E60423D432}.Debug|Any CPU.ActiveCfg = Debug|Any CPU
		{40609F62-B4C0-43E6-9944-15E60423D432}.Debug|Any CPU.Build.0 = Debug|Any CPU
		{40609F62-B4C0-43E6-9944-15E60423D432}.Release|Any CPU.ActiveCfg = Release|Any CPU
		{40609F62-B4C0-43E6-9944-15E60423D432}.Release|Any CPU.Build.0 = Release|Any CPU
		{8A48048E-5B67-49AF-9929-49A0B2A925C0}.Debug|Any CPU.ActiveCfg = Debug|Any CPU
		{8A48048E-5B67-49AF-9929-49A0B2A925C0}.Debug|Any CPU.Build.0 = Debug|Any CPU
		{8A48048E-5B67-49AF-9929-49A0B2A925C0}.Release|Any CPU.ActiveCfg = Release|Any CPU
		{8A48048E-5B67-49AF-9929-49A0B2A925C0}.Release|Any CPU.Build.0 = Release|Any CPU
		{AD1DE9D0-EE49-412E-BFE9-5F0FA107A6E4}.Debug|Any CPU.ActiveCfg = Debug|Any CPU
		{AD1DE9D0-EE49-412E-BFE9-5F0FA107A6E4}.Debug|Any CPU.Build.0 = Debug|Any CPU
		{AD1DE9D0-EE49-412E-BFE9-5F0FA107A6E4}.Release|Any CPU.ActiveCfg = Release|Any CPU
		{AD1DE9D0-EE49-412E-BFE9-5F0FA107A6E4}.Release|Any CPU.Build.0 = Release|Any CPU
		{95C7845D-0D35-41D4-8F2F-8182D931F30B}.Debug|Any CPU.ActiveCfg = Debug|Any CPU
		{95C7845D-0D35-41D4-8F2F-8182D931F30B}.Debug|Any CPU.Build.0 = Debug|Any CPU
		{95C7845D-0D35-41D4-8F2F-8182D931F30B}.Release|Any CPU.ActiveCfg = Release|Any CPU
		{95C7845D-0D35-41D4-8F2F-8182D931F30B}.Release|Any CPU.Build.0 = Release|Any CPU
		{84EFB4B7-AAAC-4468-BF96-8E41BC8E62DA}.Debug|Any CPU.ActiveCfg = Debug|Any CPU
		{84EFB4B7-AAAC-4468-BF96-8E41BC8E62DA}.Debug|Any CPU.Build.0 = Debug|Any CPU
		{84EFB4B7-AAAC-4468-BF96-8E41BC8E62DA}.Release|Any CPU.ActiveCfg = Release|Any CPU
		{84EFB4B7-AAAC-4468-BF96-8E41BC8E62DA}.Release|Any CPU.Build.0 = Release|Any CPU
		{3ADD253B-1896-4ADD-93C9-D38F860C0652}.Debug|Any CPU.ActiveCfg = Debug|Any CPU
		{3ADD253B-1896-4ADD-93C9-D38F860C0652}.Debug|Any CPU.Build.0 = Debug|Any CPU
		{3ADD253B-1896-4ADD-93C9-D38F860C0652}.Release|Any CPU.ActiveCfg = Release|Any CPU
		{3ADD253B-1896-4ADD-93C9-D38F860C0652}.Release|Any CPU.Build.0 = Release|Any CPU
		{D9A7B1F6-7FCC-4D90-AAA4-A37EF1499CBA}.Debug|Any CPU.ActiveCfg = Debug|Any CPU
		{D9A7B1F6-7FCC-4D90-AAA4-A37EF1499CBA}.Debug|Any CPU.Build.0 = Debug|Any CPU
		{D9A7B1F6-7FCC-4D90-AAA4-A37EF1499CBA}.Release|Any CPU.ActiveCfg = Release|Any CPU
		{D9A7B1F6-7FCC-4D90-AAA4-A37EF1499CBA}.Release|Any CPU.Build.0 = Release|Any CPU
	EndGlobalSection
	GlobalSection(SolutionProperties) = preSolution
		HideSolutionNode = FALSE
	EndGlobalSection
	GlobalSection(ExtensibilityGlobals) = postSolution
		SolutionGuid = {CAB354CF-DB4D-4E38-BF34-85318D562298}
	EndGlobalSection
EndGlobal
